
Microsoft Visual Studio Solution File, Format Version 12.00
# Visual Studio Version 16
VisualStudioVersion = 16.0.31313.79
MinimumVisualStudioVersion = 10.0.40219.1
Project("{FAE04EC0-301F-11D3-BF4B-00C04F79EFBC}") = "Exercicio_Condicionais", "Exercicio_Condicionais.csproj", "{0C78BBA2-29DD-46CD-B6F5-1A1CCAB95A59}"
EndProject
Global
	GlobalSection(SolutionConfigurationPlatforms) = preSolution
		Debug|Any CPU = Debug|Any CPU
		Release|Any CPU = Release|Any CPU
	EndGlobalSection
	GlobalSection(ProjectConfigurationPlatforms) = postSolution
		{0C78BBA2-29DD-46CD-B6F5-1A1CCAB95A59}.Debug|Any CPU.ActiveCfg = Debug|Any CPU
		{0C78BBA2-29DD-46CD-B6F5-1A1CCAB95A59}.Debug|Any CPU.Build.0 = Debug|Any CPU
		{0C78BBA2-29DD-46CD-B6F5-1A1CCAB95A59}.Release|Any CPU.ActiveCfg = Release|Any CPU
		{0C78BBA2-29DD-46CD-B6F5-1A1CCAB95A59}.Release|Any CPU.Build.0 = Release|Any CPU
	EndGlobalSection
	GlobalSection(SolutionProperties) = preSolution
		HideSolutionNode = FALSE
	EndGlobalSection
	GlobalSection(ExtensibilityGlobals) = postSolution
		SolutionGuid = {3DEFEC9F-10F4-4879-8FDE-DE39ED37C864}
	EndGlobalSection
EndGlobal
